
Microsoft Visual Studio Solution File, Format Version 12.00
# Visual Studio Version 17
VisualStudioVersion = 17.11.35222.181
MinimumVisualStudioVersion = 10.0.40219.1
Project("{FAE04EC0-301F-11D3-BF4B-00C04F79EFBC}") = "AI-based-Language-Teaching", "AI-based-Language-Teaching\AI-based-Language-Teaching.csproj", "{DEF44A97-9EEC-4516-BA23-0B2D2D32353D}"
EndProject
Global
	GlobalSection(SolutionConfigurationPlatforms) = preSolution
		Debug|Any CPU = Debug|Any CPU
		Release|Any CPU = Release|Any CPU
	EndGlobalSection
	GlobalSection(ProjectConfigurationPlatforms) = postSolution
		{DEF44A97-9EEC-4516-BA23-0B2D2D32353D}.Debug|Any CPU.ActiveCfg = Debug|Any CPU
		{DEF44A97-9EEC-4516-BA23-0B2D2D32353D}.Debug|Any CPU.Build.0 = Debug|Any CPU
		{DEF44A97-9EEC-4516-BA23-0B2D2D32353D}.Release|Any CPU.ActiveCfg = Release|Any CPU
		{DEF44A97-9EEC-4516-BA23-0B2D2D32353D}.Release|Any CPU.Build.0 = Release|Any CPU
	EndGlobalSection
	GlobalSection(SolutionProperties) = preSolution
		HideSolutionNode = FALSE
	EndGlobalSection
	GlobalSection(ExtensibilityGlobals) = postSolution
		SolutionGuid = {75794309-9291-4861-A751-719B16B7A445}
	EndGlobalSection
EndGlobal
